
Microsoft Visual Studio Solution File, Format Version 12.00
Project("{FAE04EC0-301F-11D3-BF4B-00C04F79EFBC}") = "Baseplate.WebApis", "Baseplate.WebApis\Baseplate.WebApis.csproj", "{7756AB26-E829-4FA6-BF2F-5DFD782CC123}"
EndProject
Project("{FAE04EC0-301F-11D3-BF4B-00C04F79EFBC}") = "Baseplate.DataService", "Baseplate.DataService\Baseplate.DataService.csproj", "{C3DA06E5-71E6-4CF6-8436-45F36CC129A6}"
EndProject
Project("{FAE04EC0-301F-11D3-BF4B-00C04F79EFBC}") = "Baseplate.BusinessService", "Baseplate.BusinessService\Baseplate.BusinessService.csproj", "{8617C978-E186-4AB1-919A-929E245A3329}"
EndProject
Project("{FAE04EC0-301F-11D3-BF4B-00C04F79EFBC}") = "Baseplate.Models", "Baseplate.Models\Baseplate.Models.csproj", "{8A0B741E-FABE-4A8A-8487-B534623049FC}"
EndProject
Project("{FAE04EC0-301F-11D3-BF4B-00C04F79EFBC}") = "Baseplate.Helpers", "Baseplate.Helpers\Baseplate.Helpers.csproj", "{8C5D4E9D-7E78-4CAC-AFCE-AD2CA61735E3}"
EndProject
Project("{FAE04EC0-301F-11D3-BF4B-00C04F79EFBC}") = "Baseplate.Messaging", "Baseplate.Messaging\Baseplate.Messaging.csproj", "{CF032815-B48E-4FAC-A998-4AD03AE8E733}"
EndProject
Global
	GlobalSection(SolutionConfigurationPlatforms) = preSolution
		Debug|Any CPU = Debug|Any CPU
		Release|Any CPU = Release|Any CPU
	EndGlobalSection
	GlobalSection(ProjectConfigurationPlatforms) = postSolution
		{7756AB26-E829-4FA6-BF2F-5DFD782CC123}.Debug|Any CPU.ActiveCfg = Debug|Any CPU
		{7756AB26-E829-4FA6-BF2F-5DFD782CC123}.Debug|Any CPU.Build.0 = Debug|Any CPU
		{7756AB26-E829-4FA6-BF2F-5DFD782CC123}.Release|Any CPU.ActiveCfg = Release|Any CPU
		{7756AB26-E829-4FA6-BF2F-5DFD782CC123}.Release|Any CPU.Build.0 = Release|Any CPU
		{C3DA06E5-71E6-4CF6-8436-45F36CC129A6}.Debug|Any CPU.ActiveCfg = Debug|Any CPU
		{C3DA06E5-71E6-4CF6-8436-45F36CC129A6}.Debug|Any CPU.Build.0 = Debug|Any CPU
		{C3DA06E5-71E6-4CF6-8436-45F36CC129A6}.Release|Any CPU.ActiveCfg = Release|Any CPU
		{C3DA06E5-71E6-4CF6-8436-45F36CC129A6}.Release|Any CPU.Build.0 = Release|Any CPU
		{8617C978-E186-4AB1-919A-929E245A3329}.Debug|Any CPU.ActiveCfg = Debug|Any CPU
		{8617C978-E186-4AB1-919A-929E245A3329}.Debug|Any CPU.Build.0 = Debug|Any CPU
		{8617C978-E186-4AB1-919A-929E245A3329}.Release|Any CPU.ActiveCfg = Release|Any CPU
		{8617C978-E186-4AB1-919A-929E245A3329}.Release|Any CPU.Build.0 = Release|Any CPU
		{8A0B741E-FABE-4A8A-8487-B534623049FC}.Debug|Any CPU.ActiveCfg = Debug|Any CPU
		{8A0B741E-FABE-4A8A-8487-B534623049FC}.Debug|Any CPU.Build.0 = Debug|Any CPU
		{8A0B741E-FABE-4A8A-8487-B534623049FC}.Release|Any CPU.ActiveCfg = Release|Any CPU
		{8A0B741E-FABE-4A8A-8487-B534623049FC}.Release|Any CPU.Build.0 = Release|Any CPU
		{8C5D4E9D-7E78-4CAC-AFCE-AD2CA61735E3}.Debug|Any CPU.ActiveCfg = Debug|Any CPU
		{8C5D4E9D-7E78-4CAC-AFCE-AD2CA61735E3}.Debug|Any CPU.Build.0 = Debug|Any CPU
		{8C5D4E9D-7E78-4CAC-AFCE-AD2CA61735E3}.Release|Any CPU.ActiveCfg = Release|Any CPU
		{8C5D4E9D-7E78-4CAC-AFCE-AD2CA61735E3}.Release|Any CPU.Build.0 = Release|Any CPU
		{CF032815-B48E-4FAC-A998-4AD03AE8E733}.Debug|Any CPU.ActiveCfg = Debug|Any CPU
		{CF032815-B48E-4FAC-A998-4AD03AE8E733}.Debug|Any CPU.Build.0 = Debug|Any CPU
		{CF032815-B48E-4FAC-A998-4AD03AE8E733}.Release|Any CPU.ActiveCfg = Release|Any CPU
		{CF032815-B48E-4FAC-A998-4AD03AE8E733}.Release|Any CPU.Build.0 = Release|Any CPU
	EndGlobalSection
EndGlobal
